
Microsoft Visual Studio Solution File, Format Version 12.00
# Visual Studio 15
VisualStudioVersion = 15.0.28307.136
MinimumVisualStudioVersion = 10.0.40219.1
Project("{FAE04EC0-301F-11D3-BF4B-00C04F79EFBC}") = "WpfApp1", "WpfApp1\WpfApp1.csproj", "{DD3D43E6-C1E2-4571-B0CD-11ACD99A93EF}"
EndProject
Global
	GlobalSection(SolutionConfigurationPlatforms) = preSolution
		Debug|Any CPU = Debug|Any CPU
		Release|Any CPU = Release|Any CPU
	EndGlobalSection
	GlobalSection(ProjectConfigurationPlatforms) = postSolution
		{DD3D43E6-C1E2-4571-B0CD-11ACD99A93EF}.Debug|Any CPU.ActiveCfg = Debug|Any CPU
		{DD3D43E6-C1E2-4571-B0CD-11ACD99A93EF}.Debug|Any CPU.Build.0 = Debug|Any CPU
		{DD3D43E6-C1E2-4571-B0CD-11ACD99A93EF}.Release|Any CPU.ActiveCfg = Release|Any CPU
		{DD3D43E6-C1E2-4571-B0CD-11ACD99A93EF}.Release|Any CPU.Build.0 = Release|Any CPU
	EndGlobalSection
	GlobalSection(SolutionProperties) = preSolution
		HideSolutionNode = FALSE
	EndGlobalSection
	GlobalSection(ExtensibilityGlobals) = postSolution
		SolutionGuid = {A6D535D1-728F-4AC3-8AA0-2BCEC47E722E}
	EndGlobalSection
EndGlobal
